{"1.2.0",
[{<<"certifi">>,
  {git,"https://github.com/certifi/erlang-certifi.git",
       {ref,"24e35932e868038050b651d5ef8a6a2e88db1c86"}},
  0},
 {<<"cowlib">>,{pkg,<<"cowlib">>,<<"2.7.3">>},1},
 {<<"eevm">>,
  {git,"git@github.com:thepower/eevm.git",
       {ref,"cd3c95982b2e9385aa6c2e40f26fd308c06bd600"}},
  0},
 {<<"esha3">>,
  {git,"https://github.com/cleverfox/esha3.git",
       {ref,"3699a4723fc9347f268ea3a7cc7f3cd9ade171d6"}},
  0},
 {<<"gb_merkle_trees">>,
  {git,"https://github.com/KrzysiekJ/gb_merkle_trees.git",
       {ref,"8ca2b71bcd87777eb10f25119a393ba7b4b3c219"}},
  1},
 {<<"getopt">>,{pkg,<<"getopt">>,<<"1.0.2">>},0},
 {<<"gun">>,{pkg,<<"gun">>,<<"1.3.3">>},0},
 {<<"hex2bin">>,{pkg,<<"hex2bin">>,<<"1.0.0">>},2},
 {<<"jsx">>,
  {git,"https://github.com/cleverfox/jsx.git",
       {ref,"362f0b4aa9d982a33dcb3e7d8ced80ec755b64a1"}},
  1},
 {<<"ksha3">>,
  {git,"https://github.com/onyxrev/ksha3",
       {ref,"42d593cfe7bdd8eba70caded507dd91c4546a36d"}},
  1},
 {<<"msgpack">>,
  {git,"https://github.com/cleverfox/msgpack-erlang",
       {ref,"a0f026c803a66da925ae3cbb3198a1c5ca83162a"}},
  1},
 {<<"tplib">>,
  {git,"git@github.com:thepower/tplib_erlang.git",
       {ref,"bf280c5b0cf5fd9e9d96c6d60459c990358b4857"}},
  0}]}.
[
{pkg_hash,[
 {<<"cowlib">>, <<"A7FFCD0917E6D50B4D5FB28E9E2085A0CEB3C97DEA310505F7460FF5ED764CE9">>},
 {<<"getopt">>, <<"33D9B44289FE7AD08627DDFE1D798E30B2DA0033B51DA1B3A2D64E72CD581D02">>},
 {<<"gun">>, <<"CF8B51BEB36C22B9C8DF1921E3F2BC4D2B1F68B49AD4FBC64E91875AA14E16B4">>},
 {<<"hex2bin">>, <<"AAC26EAB998AE80EACEE1C7607C629AB503EBF77A62B9242BAE2B94D47DCB71E">>}]},
{pkg_hash_ext,[
 {<<"cowlib">>, <<"1E1A3D176D52DAEBBECBBCDFD27C27726076567905C2A9D7398C54DA9D225761">>},
 {<<"getopt">>, <<"A0029AEA4322FB82A61F6876A6D9C66DC9878B6CB61FAA13DF3187384FD4EA26">>},
 {<<"gun">>, <<"3106CE167F9C9723F849E4FB54EA4A4D814E3996AE243A1C828B256E749041E0">>},
 {<<"hex2bin">>, <<"E7012D1D9AADD26E680F0983D26FB8923707F05FAC9688F19F530FA3795E716F">>}]}
].
